github.com/dhowden/tag v0.0.0-20220618230019-adf36e896086 h1:ORubSQoKnncsBnR4zD9CuYFJCPOCuSNEpWEZrDdBXkc=
github.com/dhowden/tag v0.0.0-20220618230019-adf36e896086/go.mod h1:Z3Lomva4pyMWYezjMAU5QWRh0p1VvO4199OHlFnyKkM=
github.com/google/uuid v1.3.0 h1:t6JiXgmwXMjEs8VusXIJk2BXHsn+wx8BZdTaoZ5fu7I=
github.com/google/uuid v1.3.0/go.mod h1:TIyPZe4MgqvfeYDBFedMoGGpEw/LqOeaOT+nhxU+yHo=
